
Microsoft Visual Studio Solution File, Format Version 12.00
# Visual Studio Version 16
VisualStudioVersion = 16.0.30114.105
MinimumVisualStudioVersion = 10.0.40219.1
Project("{FAE04EC0-301F-11D3-BF4B-00C04F79EFBC}") = "R5T.Dalkeith.Default", "R5T.Dalkeith.Default\R5T.Dalkeith.Default.csproj", "{02E888F0-E3AC-4E48-96D2-4B9E2ADBCEB8}"
EndProject
Project("{FAE04EC0-301F-11D3-BF4B-00C04F79EFBC}") = "R5T.Dalkeith.Default.Construction", "R5T.Dalkeith.Default.Construction\R5T.Dalkeith.Default.Construction.csproj", "{62FC5937-9E88-43BA-95D9-25D6659B94E9}"
EndProject
Project("{FAE04EC0-301F-11D3-BF4B-00C04F79EFBC}") = "R5T.Dalkeith.Default.Testing", "R5T.Dalkeith.Default.Testing\R5T.Dalkeith.Default.Testing.csproj", "{84EA0D2F-2619-4412-AC81-2966BC8FC10A}"
EndProject
Project("{2150E333-8FDC-42A3-9474-1A3956D46DE8}") = "_Dependencies", "_Dependencies", "{07030388-9882-4D0C-A00B-66532ADF5CF1}"
EndProject
Project("{FAE04EC0-301F-11D3-BF4B-00C04F79EFBC}") = "R5T.T0064", "..\..\R5T.T0064\source\R5T.T0064\R5T.T0064.csproj", "{3B523CAF-4B4D-4926-A873-A6F9E0653973}"
EndProject
Global
	GlobalSection(SolutionConfigurationPlatforms) = preSolution
		Debug|Any CPU = Debug|Any CPU
		Debug|x64 = Debug|x64
		Debug|x86 = Debug|x86
		Release|Any CPU = Release|Any CPU
		Release|x64 = Release|x64
		Release|x86 = Release|x86
	EndGlobalSection
	GlobalSection(SolutionProperties) = preSolution
		HideSolutionNode = FALSE
	EndGlobalSection
	GlobalSection(ProjectConfigurationPlatforms) = postSolution
		{02E888F0-E3AC-4E48-96D2-4B9E2ADBCEB8}.Debug|Any CPU.ActiveCfg = Debug|Any CPU
		{02E888F0-E3AC-4E48-96D2-4B9E2ADBCEB8}.Debug|Any CPU.Build.0 = Debug|Any CPU
		{02E888F0-E3AC-4E48-96D2-4B9E2ADBCEB8}.Debug|x64.ActiveCfg = Debug|Any CPU
		{02E888F0-E3AC-4E48-96D2-4B9E2ADBCEB8}.Debug|x64.Build.0 = Debug|Any CPU
		{02E888F0-E3AC-4E48-96D2-4B9E2ADBCEB8}.Debug|x86.ActiveCfg = Debug|Any CPU
		{02E888F0-E3AC-4E48-96D2-4B9E2ADBCEB8}.Debug|x86.Build.0 = Debug|Any CPU
		{02E888F0-E3AC-4E48-96D2-4B9E2ADBCEB8}.Release|Any CPU.ActiveCfg = Release|Any CPU
		{02E888F0-E3AC-4E48-96D2-4B9E2ADBCEB8}.Release|Any CPU.Build.0 = Release|Any CPU
		{02E888F0-E3AC-4E48-96D2-4B9E2ADBCEB8}.Release|x64.ActiveCfg = Release|Any CPU
		{02E888F0-E3AC-4E48-96D2-4B9E2ADBCEB8}.Release|x64.Build.0 = Release|Any CPU
		{02E888F0-E3AC-4E48-96D2-4B9E2ADBCEB8}.Release|x86.ActiveCfg = Release|Any CPU
		{02E888F0-E3AC-4E48-96D2-4B9E2ADBCEB8}.Release|x86.Build.0 = Release|Any CPU
		{62FC5937-9E88-43BA-95D9-25D6659B94E9}.Debug|Any CPU.ActiveCfg = Debug|Any CPU
		{62FC5937-9E88-43BA-95D9-25D6659B94E9}.Debug|Any CPU.Build.0 = Debug|Any CPU
		{62FC5937-9E88-43BA-95D9-25D6659B94E9}.Debug|x64.ActiveCfg = Debug|Any CPU
		{62FC5937-9E88-43BA-95D9-25D6659B94E9}.Debug|x64.Build.0 = Debug|Any CPU
		{62FC5937-9E88-43BA-95D9-25D6659B94E9}.Debug|x86.ActiveCfg = Debug|Any CPU
		{62FC5937-9E88-43BA-95D9-25D6659B94E9}.Debug|x86.Build.0 = Debug|Any CPU
		{62FC5937-9E88-43BA-95D9-25D6659B94E9}.Release|Any CPU.ActiveCfg = Release|Any CPU
		{62FC5937-9E88-43BA-95D9-25D6659B94E9}.Release|Any CPU.Build.0 = Release|Any CPU
		{62FC5937-9E88-43BA-95D9-25D6659B94E9}.Release|x64.ActiveCfg = Release|Any CPU
		{62FC5937-9E88-43BA-95D9-25D6659B94E9}.Release|x64.Build.0 = Release|Any CPU
		{62FC5937-9E88-43BA-95D9-25D6659B94E9}.Release|x86.ActiveCfg = Release|Any CPU
		{62FC5937-9E88-43BA-95D9-25D6659B94E9}.Release|x86.Build.0 = Release|Any CPU
		{84EA0D2F-2619-4412-AC81-2966BC8FC10A}.Debug|Any CPU.ActiveCfg = Debug|Any CPU
		{84EA0D2F-2619-4412-AC81-2966BC8FC10A}.Debug|Any CPU.Build.0 = Debug|Any CPU
		{84EA0D2F-2619-4412-AC81-2966BC8FC10A}.Debug|x64.ActiveCfg = Debug|Any CPU
		{84EA0D2F-2619-4412-AC81-2966BC8FC10A}.Debug|x64.Build.0 = Debug|Any CPU
		{84EA0D2F-2619-4412-AC81-2966BC8FC10A}.Debug|x86.ActiveCfg = Debug|Any CPU
		{84EA0D2F-2619-4412-AC81-2966BC8FC10A}.Debug|x86.Build.0 = Debug|Any CPU
		{84EA0D2F-2619-4412-AC81-2966BC8FC10A}.Release|Any CPU.ActiveCfg = Release|Any CPU
		{84EA0D2F-2619-4412-AC81-2966BC8FC10A}.Release|Any CPU.Build.0 = Release|Any CPU
		{84EA0D2F-2619-4412-AC81-2966BC8FC10A}.Release|x64.ActiveCfg = Release|Any CPU
		{84EA0D2F-2619-4412-AC81-2966BC8FC10A}.Release|x64.Build.0 = Release|Any CPU
		{84EA0D2F-2619-4412-AC81-2966BC8FC10A}.Release|x86.ActiveCfg = Release|Any CPU
		{84EA0D2F-2619-4412-AC81-2966BC8FC10A}.Release|x86.Build.0 = Release|Any CPU
		{3B523CAF-4B4D-4926-A873-A6F9E0653973}.Debug|Any CPU.ActiveCfg = Debug|Any CPU
		{3B523CAF-4B4D-4926-A873-A6F9E0653973}.Debug|Any CPU.Build.0 = Debug|Any CPU
		{3B523CAF-4B4D-4926-A873-A6F9E0653973}.Debug|x64.ActiveCfg = Debug|Any CPU
		{3B523CAF-4B4D-4926-A873-A6F9E0653973}.Debug|x64.Build.0 = Debug|Any CPU
		{3B523CAF-4B4D-4926-A873-A6F9E0653973}.Debug|x86.ActiveCfg = Debug|Any CPU
		{3B523CAF-4B4D-4926-A873-A6F9E0653973}.Debug|x86.Build.0 = Debug|Any CPU
		{3B523CAF-4B4D-4926-A873-A6F9E0653973}.Release|Any CPU.ActiveCfg = Release|Any CPU
		{3B523CAF-4B4D-4926-A873-A6F9E0653973}.Release|Any CPU.Build.0 = Release|Any CPU
		{3B523CAF-4B4D-4926-A873-A6F9E0653973}.Release|x64.ActiveCfg = Release|Any CPU
		{3B523CAF-4B4D-4926-A873-A6F9E0653973}.Release|x64.Build.0 = Release|Any CPU
		{3B523CAF-4B4D-4926-A873-A6F9E0653973}.Release|x86.ActiveCfg = Release|Any CPU
		{3B523CAF-4B4D-4926-A873-A6F9E0653973}.Release|x86.Build.0 = Release|Any CPU
	EndGlobalSection
	GlobalSection(NestedProjects) = preSolution
		{3B523CAF-4B4D-4926-A873-A6F9E0653973} = {07030388-9882-4D0C-A00B-66532ADF5CF1}
	EndGlobalSection
EndGlobal
